{
  "name": "notes-app",
  "lockfileVersion": 3,
  "requires": true,
  "packages": {
    "": {
      "dependencies": {
        "@hookform/resolvers": "^5.5.7",
        "zod": "^4.4.3"
      }
    },
    "node_modules/@hookform/resolvers": {
      "version": "5.5.7",
      "resolved": "https://registry.npmjs.org/@hookform/resolvers/-/resolvers-5.5.7.tgz",
      "integrity": "sha512-CyPCYV8/KlXfEXLWj8HHHhVsR/IZ6Ckm3b/a4fWtO/lRnRK1huqncb8LlAWrmpPRsse5glF5aVuDRMHEr3UGag==",
      "license": "MIT",
      "dependencies": {
        "@standard-schema/utils": "^0.3.0"
      },
      "peerDependencies": {
        "@sinclair/typebox": ">=0.25.24",
        "@standard-schema/spec": "^1.0.0",
        "@typeschema/main": ">=0.13.7",
        "@vinejs/vine": "^2.0.0 || ^3.0.0",
        "ajv": "^8.12.0",
        "ajv-errors": "^3.0.0",
        "ajv-formats": "^2.1.1",
        "arktype": "^2.0.0",
        "ata-validator": "^0.7.0",
        "class-transformer": ">=0.4.0",
        "class-validator": ">=0.12.0",
        "computed-types": "^1.0.0",
        "effect": "^3.10.3",
        "fluentvalidation-ts": "^3.0.0",
        "fp-ts": "^2.7.0",
        "io-ts": "^2.0.0",
        "joi": "^17.0.0",
        "nope-validator": ">=0.12.0",
        "react-hook-form": "^7.55.0",
        "superstruct": ">=0.12.0",
        "typanion": "^3.3.2",
        "valibot": ">=0.31.0 || ^1.0.0-beta.4 || ^1.0.0-rc",
        "vest": ">=3.0.0",
        "yup": "^1.0.0",
        "zod": "^3.25.0 || ^4.0.0"
      },
      "peerDependenciesMeta": {
        "@sinclair/typebox": {
          "optional": true
        },
        "@standard-schema/spec": {
          "optional": true
        },
        "@typeschema/main": {
          "optional": true
        },
        "@vinejs/vine": {
          "optional": true
        },
        "ajv": {
          "optional": true
        },
        "ajv-errors": {
          "optional": true
        },
        "ajv-formats": {
          "optional": true
        },
        "arktype": {
          "optional": true
        },
        "ata-validator": {
          "optional": true
        },
        "class-transformer": {
          "optional": true
        },
        "class-validator": {
          "optional": true
        },
        "computed-types": {
          "optional": true
        },
        "effect": {
          "optional": true
        },
        "fluentvalidation-ts": {
          "optional": true
        },
        "fp-ts": {
          "optional": true
        },
        "io-ts": {
          "optional": true
        },
        "joi": {
          "optional": true
        },
        "nope-validator": {
          "optional": true
        },
        "superstruct": {
          "optional": true
        },
        "typanion": {
          "optional": true
        },
        "valibot": {
          "optional": true
        },
        "vest": {
          "optional": true
        },
        "yup": {
          "optional": true
        },
        "zod": {
          "optional": true
        }
      }
    },
    "node_modules/@standard-schema/utils": {
      "version": "0.3.0",
      "resolved": "https://registry.npmjs.org/@standard-schema/utils/-/utils-0.3.0.tgz",
      "integrity": "sha512-e7Mew686owMaPJVNNLs55PUvgz371nKgwsc4vxE49zsODpJEnxgxRo2y/OKrqueavXgZNMDVj3DdHFlaSAeU8g==",
      "license": "MIT"
    },
    "node_modules/react": {
      "version": "19.2.8",
      "resolved": "https://registry.npmjs.org/react/-/react-19.2.8.tgz",
      "integrity": "sha512-PWaYA1L/q9u2u7xYQi+Y3L3Yfnie7XyLeaJICV1MGD6LprsBxcAqGjYyr0eY3p+QdsA+x/Irkt4Qif8D63+Sbw==",
      "license": "MIT",
      "peer": true,
      "engines": {
        "node": ">=0.10.0"
      }
    },
    "node_modules/react-hook-form": {
      "version": "7.83.0",
      "resolved": "https://registry.npmjs.org/react-hook-form/-/react-hook-form-7.83.0.tgz",
      "integrity": "sha512-AXt8cMCmx5a7u4uvpb2uRFVrWQhllI4pV+LSykxIac/hjt44TnQkmX9BKuQi2i+LDC62esmiLpilkav+kjVf/A==",
      "license": "MIT",
      "peer": true,
      "engines": {
        "node": ">=18.0.0"
      },
      "funding": {
        "type": "opencollective",
        "url": "https://opencollective.com/react-hook-form"
      },
      "peerDependencies": {
        "react": "^16.8.0 || ^17 || ^18 || ^19"
      }
    },
    "node_modules/zod": {
      "version": "4.4.3",
      "resolved": "https://registry.npmjs.org/zod/-/zod-4.4.3.tgz",
      "integrity": "sha512-ytENFjIJFl2UwYglde2jchW2Hwm4GJFLDiSXWdTrJQBIN9Fcyp7n4DhxJEiWNAJMV1/BqWfW/kkg71UDcHJyTQ==",
      "license": "MIT",
      "funding": {
        "url": "https://github.com/sponsors/colinhacks"
      }
    }
  }
}
